
Microsoft Visual Studio Solution File, Format Version 12.00
# Visual Studio 15
VisualStudioVersion = 15.0.26730.12
MinimumVisualStudioVersion = 10.0.40219.1
Project("{FAE04EC0-301F-11D3-BF4B-00C04F79EFBC}") = "SubmoduleTest", "SubmoduleTest\SubmoduleTest.csproj", "{DC290C75-F8A0-4886-92E1-B486CAF7D92C}"
EndProject
Project("{FAE04EC0-301F-11D3-BF4B-00C04F79EFBC}") = "Huawei_Unlock", "..\Huawei_Unlock\Huawei_Unlock\Huawei_Unlock.csproj", "{362DC6DD-99FE-497A-B61F-FB455175CDAC}"
EndProject
Global
	GlobalSection(SolutionConfigurationPlatforms) = preSolution
		Debug|Any CPU = Debug|Any CPU
		Release|Any CPU = Release|Any CPU
	EndGlobalSection
	GlobalSection(ProjectConfigurationPlatforms) = postSolution
		{DC290C75-F8A0-4886-92E1-B486CAF7D92C}.Debug|Any CPU.ActiveCfg = Debug|Any CPU
		{DC290C75-F8A0-4886-92E1-B486CAF7D92C}.Debug|Any CPU.Build.0 = Debug|Any CPU
		{DC290C75-F8A0-4886-92E1-B486CAF7D92C}.Release|Any CPU.ActiveCfg = Release|Any CPU
		{DC290C75-F8A0-4886-92E1-B486CAF7D92C}.Release|Any CPU.Build.0 = Release|Any CPU
		{362DC6DD-99FE-497A-B61F-FB455175CDAC}.Debug|Any CPU.ActiveCfg = Debug|Any CPU
		{362DC6DD-99FE-497A-B61F-FB455175CDAC}.Debug|Any CPU.Build.0 = Debug|Any CPU
		{362DC6DD-99FE-497A-B61F-FB455175CDAC}.Release|Any CPU.ActiveCfg = Release|Any CPU
		{362DC6DD-99FE-497A-B61F-FB455175CDAC}.Release|Any CPU.Build.0 = Release|Any CPU
	EndGlobalSection
	GlobalSection(SolutionProperties) = preSolution
		HideSolutionNode = FALSE
	EndGlobalSection
	GlobalSection(ExtensibilityGlobals) = postSolution
		SolutionGuid = {1E808710-9DC0-4127-AE73-FAB8239B7BD3}
	EndGlobalSection
EndGlobal
